// !$*UTF8*$!
{
	archiveVersion = 1;
	classes = {
	};
	objectVersion = 51;
	objects = {

/* Begin PBXBuildFile section */
		0BB75B16E605C3EBD353DDF3 /* Pods_NYTimesTests.framework in Frameworks */ = {isa = PBXBuildFile; fileRef = 12F6FCAB06FCFA8EFBFF9888 /* Pods_NYTimesTests.framework */; };
		32699FB27CD93A5B08CAEFDA /* Pods_NYTimes_NYTimesUITests.framework in Frameworks */ = {isa = PBXBuildFile; fileRef = 24343C29FD40DB205739D7EC /* Pods_NYTimes_NYTimesUITests.framework */; };
		460687D325A91E8500FDBF37 /* ArticleListRouter.swift in Sources */ = {isa = PBXBuildFile; fileRef = 460687CF25A91E8500FDBF37 /* ArticleListRouter.swift */; };
		460687D425A91E8500FDBF37 /* ArticleListViewController.swift in Sources */ = {isa = PBXBuildFile; fileRef = 460687D025A91E8500FDBF37 /* ArticleListViewController.swift */; };
		460687D525A91E8500FDBF37 /* ArticleListBuilder.swift in Sources */ = {isa = PBXBuildFile; fileRef = 460687D125A91E8500FDBF37 /* ArticleListBuilder.swift */; };
		460687D625A91E8500FDBF37 /* ArticleListViewModel.swift in Sources */ = {isa = PBXBuildFile; fileRef = 460687D225A91E8500FDBF37 /* ArticleListViewModel.swift */; };
		460687EA25A920CE00FDBF37 /* ArticleDetailsRouter.swift in Sources */ = {isa = PBXBuildFile; fileRef = 460687E625A920CE00FDBF37 /* ArticleDetailsRouter.swift */; };
		460687EB25A920CE00FDBF37 /* ArticleDetailsViewController.swift in Sources */ = {isa = PBXBuildFile; fileRef = 460687E725A920CE00FDBF37 /* ArticleDetailsViewController.swift */; };
		460687EC25A920CE00FDBF37 /* ArticleDetailsBuilder.swift in Sources */ = {isa = PBXBuildFile; fileRef = 460687E825A920CE00FDBF37 /* ArticleDetailsBuilder.swift */; };
		460687ED25A920CE00FDBF37 /* ArticleDetailsViewModel.swift in Sources */ = {isa = PBXBuildFile; fileRef = 460687E925A920CE00FDBF37 /* ArticleDetailsViewModel.swift */; };
		4606880F25A9237A00FDBF37 /* ArticleMasterDetailsRouter.swift in Sources */ = {isa = PBXBuildFile; fileRef = 4606880B25A9237A00FDBF37 /* ArticleMasterDetailsRouter.swift */; };
		4606881025A9237A00FDBF37 /* ArticleMasterDetailsViewController.swift in Sources */ = {isa = PBXBuildFile; fileRef = 4606880C25A9237A00FDBF37 /* ArticleMasterDetailsViewController.swift */; };
		4606881125A9237A00FDBF37 /* ArticleMasterDetailsBuilder.swift in Sources */ = {isa = PBXBuildFile; fileRef = 4606880D25A9237A00FDBF37 /* ArticleMasterDetailsBuilder.swift */; };
		4606881225A9237A00FDBF37 /* ArticleMasterDetailsViewModel.swift in Sources */ = {isa = PBXBuildFile; fileRef = 4606880E25A9237A00FDBF37 /* ArticleMasterDetailsViewModel.swift */; };
		460DDD3E25AA25D800B67DA6 /* ArticleCellViewModel.swift in Sources */ = {isa = PBXBuildFile; fileRef = 460DDD3D25AA25D800B67DA6 /* ArticleCellViewModel.swift */; };
		460DDD4925AA305600B67DA6 /* ArticleTableViewCell.swift in Sources */ = {isa = PBXBuildFile; fileRef = 460DDD4825AA305600B67DA6 /* ArticleTableViewCell.swift */; };
		460DDD4F25AA30DF00B67DA6 /* CellReusable.swift in Sources */ = {isa = PBXBuildFile; fileRef = 460DDD4E25AA30DF00B67DA6 /* CellReusable.swift */; };
		460DDD5725AA311000B67DA6 /* UITableView+ReusableCell.swift in Sources */ = {isa = PBXBuildFile; fileRef = 460DDD5625AA311000B67DA6 /* UITableView+ReusableCell.swift */; };
		460DDDA825AA855300B67DA6 /* UIView+Indicator.swift in Sources */ = {isa = PBXBuildFile; fileRef = 460DDDA725AA855300B67DA6 /* UIView+Indicator.swift */; };
		460DDDAD25AA863300B67DA6 /* AlertMessage.swift in Sources */ = {isa = PBXBuildFile; fileRef = 460DDDAC25AA863300B67DA6 /* AlertMessage.swift */; };
		460DDDB225AA86E400B67DA6 /* NotificationName.swift in Sources */ = {isa = PBXBuildFile; fileRef = 460DDDB125AA86E400B67DA6 /* NotificationName.swift */; };
		460DDDB725AA870200B67DA6 /* EmptyPlaceHolderView.swift in Sources */ = {isa = PBXBuildFile; fileRef = 460DDDB625AA870200B67DA6 /* EmptyPlaceHolderView.swift */; };
		460DDDC225AA8CE300B67DA6 /* UITableView+EmptyPlaceHolder.swift in Sources */ = {isa = PBXBuildFile; fileRef = 460DDDC125AA8CE300B67DA6 /* UITableView+EmptyPlaceHolder.swift */; };
		463E6D3B25A92A2500CCB19E /* API.swift in Sources */ = {isa = PBXBuildFile; fileRef = 463E6D3A25A92A2500CCB19E /* API.swift */; };
		46848E8425A93ED900FCCC21 /* Reachability.swift in Sources */ = {isa = PBXBuildFile; fileRef = 46848E8325A93ED900FCCC21 /* Reachability.swift */; };
		46848E9025A9453E00FCCC21 /* Article.swift in Sources */ = {isa = PBXBuildFile; fileRef = 46848E8F25A9453E00FCCC21 /* Article.swift */; };
		46848E9B25A9463600FCCC21 /* Media.swift in Sources */ = {isa = PBXBuildFile; fileRef = 46848E9725A9463500FCCC21 /* Media.swift */; };
		46848E9C25A9463600FCCC21 /* Results.swift in Sources */ = {isa = PBXBuildFile; fileRef = 46848E9825A9463600FCCC21 /* Results.swift */; };
		46848E9D25A9463600FCCC21 /* Metadata.swift in Sources */ = {isa = PBXBuildFile; fileRef = 46848E9925A9463600FCCC21 /* Metadata.swift */; };
		469B326425A8C39A00E6075B /* AppDelegate.swift in Sources */ = {isa = PBXBuildFile; fileRef = 469B326325A8C39A00E6075B /* AppDelegate.swift */; };
		469B326625A8C39A00E6075B /* SceneDelegate.swift in Sources */ = {isa = PBXBuildFile; fileRef = 469B326525A8C39A00E6075B /* SceneDelegate.swift */; };
		469B326825A8C39A00E6075B /* ViewController.swift in Sources */ = {isa = PBXBuildFile; fileRef = 469B326725A8C39A00E6075B /* ViewController.swift */; };
		469B326B25A8C39A00E6075B /* Main.storyboard in Resources */ = {isa = PBXBuildFile; fileRef = 469B326925A8C39A00E6075B /* Main.storyboard */; };
		469B326D25A8C39B00E6075B /* Assets.xcassets in Resources */ = {isa = PBXBuildFile; fileRef = 469B326C25A8C39B00E6075B /* Assets.xcassets */; };
		469B327025A8C39B00E6075B /* LaunchScreen.storyboard in Resources */ = {isa = PBXBuildFile; fileRef = 469B326E25A8C39B00E6075B /* LaunchScreen.storyboard */; };
		469B327B25A8C39C00E6075B /* NYTimesTests.swift in Sources */ = {isa = PBXBuildFile; fileRef = 469B327A25A8C39C00E6075B /* NYTimesTests.swift */; };
		469B328625A8C39C00E6075B /* NYTimesUITests.swift in Sources */ = {isa = PBXBuildFile; fileRef = 469B328525A8C39C00E6075B /* NYTimesUITests.swift */; };
		46F43DBB25A956CF006D9079 /* NYTimesNetworkManager.swift in Sources */ = {isa = PBXBuildFile; fileRef = 46F43DBA25A956CF006D9079 /* NYTimesNetworkManager.swift */; };
		966A08F16B35B7F2DCE97A60 /* Pods_NYTimes.framework in Frameworks */ = {isa = PBXBuildFile; fileRef = BE9D77E0353FC6171A749DF4 /* Pods_NYTimes.framework */; };
/* End PBXBuildFile section */

/* Begin PBXContainerItemProxy section */
		469B327725A8C39C00E6075B /* PBXContainerItemProxy */ = {
			isa = PBXContainerItemProxy;
			containerPortal = 469B325825A8C39A00E6075B /* Project object */;
			proxyType = 1;
			remoteGlobalIDString = 469B325F25A8C39A00E6075B;
			remoteInfo = NYTimes;
		};
		469B328225A8C39C00E6075B /* PBXContainerItemProxy */ = {
			isa = PBXContainerItemProxy;
			containerPortal = 469B325825A8C39A00E6075B /* Project object */;
			proxyType = 1;
			remoteGlobalIDString = 469B325F25A8C39A00E6075B;
			remoteInfo = NYTimes;
		};
/* End PBXContainerItemProxy section */

/* Begin PBXFileReference section */
		12F6FCAB06FCFA8EFBFF9888 /* Pods_NYTimesTests.framework */ = {isa = PBXFileReference; explicitFileType = wrapper.framework; includeInIndex = 0; path = Pods_NYTimesTests.framework; sourceTree = BUILT_PRODUCTS_DIR; };
		176475AE3721C48DF5D84C67 /* Pods-NYTimes-NYTimesUITests.release.xcconfig */ = {isa = PBXFileReference; includeInIndex = 1; lastKnownFileType = text.xcconfig; name = "Pods-NYTimes-NYTimesUITests.release.xcconfig"; path = "Target Support Files/Pods-NYTimes-NYTimesUITests/Pods-NYTimes-NYTimesUITests.release.xcconfig"; sourceTree = "<group>"; };
		24343C29FD40DB205739D7EC /* Pods_NYTimes_NYTimesUITests.framework */ = {isa = PBXFileReference; explicitFileType = wrapper.framework; includeInIndex = 0; path = Pods_NYTimes_NYTimesUITests.framework; sourceTree = BUILT_PRODUCTS_DIR; };
		460687CF25A91E8500FDBF37 /* ArticleListRouter.swift */ = {isa = PBXFileReference; lastKnownFileType = sourcecode.swift; path = ArticleListRouter.swift; sourceTree = "<group>"; };
		460687D025A91E8500FDBF37 /* ArticleListViewController.swift */ = {isa = PBXFileReference; lastKnownFileType = sourcecode.swift; path = ArticleListViewController.swift; sourceTree = "<group>"; };
		460687D125A91E8500FDBF37 /* ArticleListBuilder.swift */ = {isa = PBXFileReference; lastKnownFileType = sourcecode.swift; path = ArticleListBuilder.swift; sourceTree = "<group>"; };
		460687D225A91E8500FDBF37 /* ArticleListViewModel.swift */ = {isa = PBXFileReference; lastKnownFileType = sourcecode.swift; path = ArticleListViewModel.swift; sourceTree = "<group>"; };
		460687E625A920CE00FDBF37 /* ArticleDetailsRouter.swift */ = {isa = PBXFileReference; lastKnownFileType = sourcecode.swift; path = ArticleDetailsRouter.swift; sourceTree = "<group>"; };
		460687E725A920CE00FDBF37 /* ArticleDetailsViewController.swift */ = {isa = PBXFileReference; lastKnownFileType = sourcecode.swift; path = ArticleDetailsViewController.swift; sourceTree = "<group>"; };
		460687E825A920CE00FDBF37 /* ArticleDetailsBuilder.swift */ = {isa = PBXFileReference; lastKnownFileType = sourcecode.swift; path = ArticleDetailsBuilder.swift; sourceTree = "<group>"; };
		460687E925A920CE00FDBF37 /* ArticleDetailsViewModel.swift */ = {isa = PBXFileReference; lastKnownFileType = sourcecode.swift; path = ArticleDetailsViewModel.swift; sourceTree = "<group>"; };
		4606880B25A9237A00FDBF37 /* ArticleMasterDetailsRouter.swift */ = {isa = PBXFileReference; lastKnownFileType = sourcecode.swift; path = ArticleMasterDetailsRouter.swift; sourceTree = "<group>"; };
		4606880C25A9237A00FDBF37 /* ArticleMasterDetailsViewController.swift */ = {isa = PBXFileReference; lastKnownFileType = sourcecode.swift; path = ArticleMasterDetailsViewController.swift; sourceTree = "<group>"; };
		4606880D25A9237A00FDBF37 /* ArticleMasterDetailsBuilder.swift */ = {isa = PBXFileReference; lastKnownFileType = sourcecode.swift; path = ArticleMasterDetailsBuilder.swift; sourceTree = "<group>"; };
		4606880E25A9237A00FDBF37 /* ArticleMasterDetailsViewModel.swift */ = {isa = PBXFileReference; lastKnownFileType = sourcecode.swift; path = ArticleMasterDetailsViewModel.swift; sourceTree = "<group>"; };
		460DDD3D25AA25D800B67DA6 /* ArticleCellViewModel.swift */ = {isa = PBXFileReference; lastKnownFileType = sourcecode.swift; path = ArticleCellViewModel.swift; sourceTree = "<group>"; };
		460DDD4825AA305600B67DA6 /* ArticleTableViewCell.swift */ = {isa = PBXFileReference; lastKnownFileType = sourcecode.swift; path = ArticleTableViewCell.swift; sourceTree = "<group>"; };
		460DDD4E25AA30DF00B67DA6 /* CellReusable.swift */ = {isa = PBXFileReference; lastKnownFileType = sourcecode.swift; path = CellReusable.swift; sourceTree = "<group>"; };
		460DDD5625AA311000B67DA6 /* UITableView+ReusableCell.swift */ = {isa = PBXFileReference; lastKnownFileType = sourcecode.swift; path = "UITableView+ReusableCell.swift"; sourceTree = "<group>"; };
		460DDDA725AA855300B67DA6 /* UIView+Indicator.swift */ = {isa = PBXFileReference; lastKnownFileType = sourcecode.swift; path = "UIView+Indicator.swift"; sourceTree = "<group>"; };
		460DDDAC25AA863300B67DA6 /* AlertMessage.swift */ = {isa = PBXFileReference; lastKnownFileType = sourcecode.swift; path = AlertMessage.swift; sourceTree = "<group>"; };
		460DDDB125AA86E400B67DA6 /* NotificationName.swift */ = {isa = PBXFileReference; lastKnownFileType = sourcecode.swift; path = NotificationName.swift; sourceTree = "<group>"; };
		460DDDB625AA870200B67DA6 /* EmptyPlaceHolderView.swift */ = {isa = PBXFileReference; lastKnownFileType = sourcecode.swift; path = EmptyPlaceHolderView.swift; sourceTree = "<group>"; };
		460DDDC125AA8CE300B67DA6 /* UITableView+EmptyPlaceHolder.swift */ = {isa = PBXFileReference; lastKnownFileType = sourcecode.swift; path = "UITableView+EmptyPlaceHolder.swift"; sourceTree = "<group>"; };
		463E6D3A25A92A2500CCB19E /* API.swift */ = {isa = PBXFileReference; lastKnownFileType = sourcecode.swift; path = API.swift; sourceTree = "<group>"; };
		46848E8325A93ED900FCCC21 /* Reachability.swift */ = {isa = PBXFileReference; lastKnownFileType = sourcecode.swift; path = Reachability.swift; sourceTree = "<group>"; };
		46848E8F25A9453E00FCCC21 /* Article.swift */ = {isa = PBXFileReference; lastKnownFileType = sourcecode.swift; path = Article.swift; sourceTree = "<group>"; };
		46848E9725A9463500FCCC21 /* Media.swift */ = {isa = PBXFileReference; fileEncoding = 4; lastKnownFileType = sourcecode.swift; path = Media.swift; sourceTree = "<group>"; };
		46848E9825A9463600FCCC21 /* Results.swift */ = {isa = PBXFileReference; fileEncoding = 4; lastKnownFileType = sourcecode.swift; path = Results.swift; sourceTree = "<group>"; };
		46848E9925A9463600FCCC21 /* Metadata.swift */ = {isa = PBXFileReference; fileEncoding = 4; lastKnownFileType = sourcecode.swift; path = Metadata.swift; sourceTree = "<group>"; };
		469B326025A8C39A00E6075B /* NYTimes.app */ = {isa = PBXFileReference; explicitFileType = wrapper.application; includeInIndex = 0; path = NYTimes.app; sourceTree = BUILT_PRODUCTS_DIR; };
		469B326325A8C39A00E6075B /* AppDelegate.swift */ = {isa = PBXFileReference; lastKnownFileType = sourcecode.swift; path = AppDelegate.swift; sourceTree = "<group>"; };
		469B326525A8C39A00E6075B /* SceneDelegate.swift */ = {isa = PBXFileReference; lastKnownFileType = sourcecode.swift; path = SceneDelegate.swift; sourceTree = "<group>"; };
		469B326725A8C39A00E6075B /* ViewController.swift */ = {isa = PBXFileReference; lastKnownFileType = sourcecode.swift; path = ViewController.swift; sourceTree = "<group>"; };
		469B326A25A8C39A00E6075B /* Base */ = {isa = PBXFileReference; lastKnownFileType = file.storyboard; name = Base; path = Base.lproj/Main.storyboard; sourceTree = "<group>"; };
		469B326C25A8C39B00E6075B /* Assets.xcassets */ = {isa = PBXFileReference; lastKnownFileType = folder.assetcatalog; path = Assets.xcassets; sourceTree = "<group>"; };
		469B326F25A8C39B00E6075B /* Base */ = {isa = PBXFileReference; lastKnownFileType = file.storyboard; name = Base; path = Base.lproj/LaunchScreen.storyboard; sourceTree = "<group>"; };
		469B327125A8C39B00E6075B /* Info.plist */ = {isa = PBXFileReference; lastKnownFileType = text.plist.xml; path = Info.plist; sourceTree = "<group>"; };
		469B327625A8C39C00E6075B /* NYTimesTests.xctest */ = {isa = PBXFileReference; explicitFileType = wrapper.cfbundle; includeInIndex = 0; path = NYTimesTests.xctest; sourceTree = BUILT_PRODUCTS_DIR; };
		469B327A25A8C39C00E6075B /* NYTimesTests.swift */ = {isa = PBXFileReference; lastKnownFileType = sourcecode.swift; path = NYTimesTests.swift; sourceTree = "<group>"; };
		469B327C25A8C39C00E6075B /* Info.plist */ = {isa = PBXFileReference; lastKnownFileType = text.plist.xml; path = Info.plist; sourceTree = "<group>"; };
		469B328125A8C39C00E6075B /* NYTimesUITests.xctest */ = {isa = PBXFileReference; explicitFileType = wrapper.cfbundle; includeInIndex = 0; path = NYTimesUITests.xctest; sourceTree = BUILT_PRODUCTS_DIR; };
		469B328525A8C39C00E6075B /* NYTimesUITests.swift */ = {isa = PBXFileReference; lastKnownFileType = sourcecode.swift; path = NYTimesUITests.swift; sourceTree = "<group>"; };
		469B328725A8C39C00E6075B /* Info.plist */ = {isa = PBXFileReference; lastKnownFileType = text.plist.xml; path = Info.plist; sourceTree = "<group>"; };
		46F43DBA25A956CF006D9079 /* NYTimesNetworkManager.swift */ = {isa = PBXFileReference; lastKnownFileType = sourcecode.swift; path = NYTimesNetworkManager.swift; sourceTree = "<group>"; };
		6038758A66F3593B36BA7730 /* Pods-NYTimes.release.xcconfig */ = {isa = PBXFileReference; includeInIndex = 1; lastKnownFileType = text.xcconfig; name = "Pods-NYTimes.release.xcconfig"; path = "Target Support Files/Pods-NYTimes/Pods-NYTimes.release.xcconfig"; sourceTree = "<group>"; };
		6763A8965A0B9BB2E6C016D3 /* Pods-NYTimes.debug.xcconfig */ = {isa = PBXFileReference; includeInIndex = 1; lastKnownFileType = text.xcconfig; name = "Pods-NYTimes.debug.xcconfig"; path = "Target Support Files/Pods-NYTimes/Pods-NYTimes.debug.xcconfig"; sourceTree = "<group>"; };
		96980B4CC5C27D91DBBF7FDB /* Pods-NYTimesTests.debug.xcconfig */ = {isa = PBXFileReference; includeInIndex = 1; lastKnownFileType = text.xcconfig; name = "Pods-NYTimesTests.debug.xcconfig"; path = "Target Support Files/Pods-NYTimesTests/Pods-NYTimesTests.debug.xcconfig"; sourceTree = "<group>"; };
		BE9D77E0353FC6171A749DF4 /* Pods_NYTimes.framework */ = {isa = PBXFileReference; explicitFileType = wrapper.framework; includeInIndex = 0; path = Pods_NYTimes.framework; sourceTree = BUILT_PRODUCTS_DIR; };
		C044D562FE29410D704EF59C /* Pods-NYTimesTests.release.xcconfig */ = {isa = PBXFileReference; includeInIndex = 1; lastKnownFileType = text.xcconfig; name = "Pods-NYTimesTests.release.xcconfig"; path = "Target Support Files/Pods-NYTimesTests/Pods-NYTimesTests.release.xcconfig"; sourceTree = "<group>"; };
		DE0B6CBC27D60077730D165E /* Pods-NYTimes-NYTimesUITests.debug.xcconfig */ = {isa = PBXFileReference; includeInIndex = 1; lastKnownFileType = text.xcconfig; name = "Pods-NYTimes-NYTimesUITests.debug.xcconfig"; path = "Target Support Files/Pods-NYTimes-NYTimesUITests/Pods-NYTimes-NYTimesUITests.debug.xcconfig"; sourceTree = "<group>"; };
/* End PBXFileReference section */

/* Begin PBXFrameworksBuildPhase section */
		469B325D25A8C39A00E6075B /* Frameworks */ = {
			isa = PBXFrameworksBuildPhase;
			buildActionMask = 2147483647;
			files = (
				966A08F16B35B7F2DCE97A60 /* Pods_NYTimes.framework in Frameworks */,
			);
			runOnlyForDeploymentPostprocessing = 0;
		};
		469B327325A8C39C00E6075B /* Frameworks */ = {
			isa = PBXFrameworksBuildPhase;
			buildActionMask = 2147483647;
			files = (
				0BB75B16E605C3EBD353DDF3 /* Pods_NYTimesTests.framework in Frameworks */,
			);
			runOnlyForDeploymentPostprocessing = 0;
		};
		469B327E25A8C39C00E6075B /* Frameworks */ = {
			isa = PBXFrameworksBuildPhase;
			buildActionMask = 2147483647;
			files = (
				32699FB27CD93A5B08CAEFDA /* Pods_NYTimes_NYTimesUITests.framework in Frameworks */,
			);
			runOnlyForDeploymentPostprocessing = 0;
		};
/* End PBXFrameworksBuildPhase section */

/* Begin PBXGroup section */
		460687CE25A91E4D00FDBF37 /* ArticleList */ = {
			isa = PBXGroup;
			children = (
				460687CF25A91E8500FDBF37 /* ArticleListRouter.swift */,
				460687D025A91E8500FDBF37 /* ArticleListViewController.swift */,
				460687D125A91E8500FDBF37 /* ArticleListBuilder.swift */,
				460687D225A91E8500FDBF37 /* ArticleListViewModel.swift */,
				460DDD3D25AA25D800B67DA6 /* ArticleCellViewModel.swift */,
				460DDD4825AA305600B67DA6 /* ArticleTableViewCell.swift */,
			);
			path = ArticleList;
			sourceTree = "<group>";
		};
		460687E525A9209E00FDBF37 /* ArticleDetails */ = {
			isa = PBXGroup;
			children = (
				460687E625A920CE00FDBF37 /* ArticleDetailsRouter.swift */,
				460687E725A920CE00FDBF37 /* ArticleDetailsViewController.swift */,
				460687E825A920CE00FDBF37 /* ArticleDetailsBuilder.swift */,
				460687E925A920CE00FDBF37 /* ArticleDetailsViewModel.swift */,
			);
			path = ArticleDetails;
			sourceTree = "<group>";
		};
		460687FD25A9220800FDBF37 /* Article */ = {
			isa = PBXGroup;
			children = (
				4606880B25A9237A00FDBF37 /* ArticleMasterDetailsRouter.swift */,
				4606880C25A9237A00FDBF37 /* ArticleMasterDetailsViewController.swift */,
				4606880D25A9237A00FDBF37 /* ArticleMasterDetailsBuilder.swift */,
				4606880E25A9237A00FDBF37 /* ArticleMasterDetailsViewModel.swift */,
			);
			path = Article;
			sourceTree = "<group>";
		};
		460DDD4D25AA30C700B67DA6 /* Protocols */ = {
			isa = PBXGroup;
			children = (
				46848E8325A93ED900FCCC21 /* Reachability.swift */,
				460DDD4E25AA30DF00B67DA6 /* CellReusable.swift */,
			);
			path = Protocols;
			sourceTree = "<group>";
		};
		463E6D3925A92A1500CCB19E /* Network */ = {
			isa = PBXGroup;
			children = (
				463E6D3A25A92A2500CCB19E /* API.swift */,
				46F43DBA25A956CF006D9079 /* NYTimesNetworkManager.swift */,
			);
			path = Network;
			sourceTree = "<group>";
		};
		46848E8225A93EC300FCCC21 /* Extensions */ = {
			isa = PBXGroup;
			children = (
				460DDD5625AA311000B67DA6 /* UITableView+ReusableCell.swift */,
				460DDDA725AA855300B67DA6 /* UIView+Indicator.swift */,
				460DDDB125AA86E400B67DA6 /* NotificationName.swift */,
				460DDDB625AA870200B67DA6 /* EmptyPlaceHolderView.swift */,
				460DDDC125AA8CE300B67DA6 /* UITableView+EmptyPlaceHolder.swift */,
			);
			path = Extensions;
			sourceTree = "<group>";
		};
		46848E8E25A9452F00FCCC21 /* Models */ = {
			isa = PBXGroup;
			children = (
				46848E8F25A9453E00FCCC21 /* Article.swift */,
				46848E9925A9463600FCCC21 /* Metadata.swift */,
				46848E9725A9463500FCCC21 /* Media.swift */,
				46848E9825A9463600FCCC21 /* Results.swift */,
				460DDDAC25AA863300B67DA6 /* AlertMessage.swift */,
			);
			path = Models;
			sourceTree = "<group>";
		};
		469B325725A8C39A00E6075B = {
			isa = PBXGroup;
			children = (
				469B326225A8C39A00E6075B /* NYTimes */,
				469B327925A8C39C00E6075B /* NYTimesTests */,
				469B328425A8C39C00E6075B /* NYTimesUITests */,
				469B326125A8C39A00E6075B /* Products */,
				52C8663DF3225930A1C56398 /* Pods */,
				C076B7EFD0F811D65FEC0254 /* Frameworks */,
			);
			sourceTree = "<group>";
		};
		469B326125A8C39A00E6075B /* Products */ = {
			isa = PBXGroup;
			children = (
				469B326025A8C39A00E6075B /* NYTimes.app */,
				469B327625A8C39C00E6075B /* NYTimesTests.xctest */,
				469B328125A8C39C00E6075B /* NYTimesUITests.xctest */,
			);
			name = Products;
			sourceTree = "<group>";
		};
		469B326225A8C39A00E6075B /* NYTimes */ = {
			isa = PBXGroup;
			children = (
				469B329B25A8CF9700E6075B /* Shared */,
				469B329A25A8CF8F00E6075B /* Features */,
				469B329925A8CF8600E6075B /* App */,
				469B326725A8C39A00E6075B /* ViewController.swift */,
				469B326925A8C39A00E6075B /* Main.storyboard */,
				469B326C25A8C39B00E6075B /* Assets.xcassets */,
				469B326E25A8C39B00E6075B /* LaunchScreen.storyboard */,
				469B327125A8C39B00E6075B /* Info.plist */,
			);
			path = NYTimes;
			sourceTree = "<group>";
		};
		469B327925A8C39C00E6075B /* NYTimesTests */ = {
			isa = PBXGroup;
			children = (
				469B327A25A8C39C00E6075B /* NYTimesTests.swift */,
				469B327C25A8C39C00E6075B /* Info.plist */,
			);
			path = NYTimesTests;
			sourceTree = "<group>";
		};
		469B328425A8C39C00E6075B /* NYTimesUITests */ = {
			isa = PBXGroup;
			children = (
				469B328525A8C39C00E6075B /* NYTimesUITests.swift */,
				469B328725A8C39C00E6075B /* Info.plist */,
			);
			path = NYTimesUITests;
			sourceTree = "<group>";
		};
		469B329925A8CF8600E6075B /* App */ = {
			isa = PBXGroup;
			children = (
				469B326525A8C39A00E6075B /* SceneDelegate.swift */,
				469B326325A8C39A00E6075B /* AppDelegate.swift */,
			);
			path = App;
			sourceTree = "<group>";
		};
		469B329A25A8CF8F00E6075B /* Features */ = {
			isa = PBXGroup;
			children = (
				460687FD25A9220800FDBF37 /* Article */,
				460687E525A9209E00FDBF37 /* ArticleDetails */,
				460687CE25A91E4D00FDBF37 /* ArticleList */,
			);
			path = Features;
			sourceTree = "<group>";
		};
		469B329B25A8CF9700E6075B /* Shared */ = {
			isa = PBXGroup;
			children = (
				460DDD4D25AA30C700B67DA6 /* Protocols */,
				46848E8E25A9452F00FCCC21 /* Models */,
				46848E8225A93EC300FCCC21 /* Extensions */,
				463E6D3925A92A1500CCB19E /* Network */,
			);
			path = Shared;
			sourceTree = "<group>";
		};
		52C8663DF3225930A1C56398 /* Pods */ = {
			isa = PBXGroup;
			children = (
				6763A8965A0B9BB2E6C016D3 /* Pods-NYTimes.debug.xcconfig */,
				6038758A66F3593B36BA7730 /* Pods-NYTimes.release.xcconfig */,
				DE0B6CBC27D60077730D165E /* Pods-NYTimes-NYTimesUITests.debug.xcconfig */,
				176475AE3721C48DF5D84C67 /* Pods-NYTimes-NYTimesUITests.release.xcconfig */,
				96980B4CC5C27D91DBBF7FDB /* Pods-NYTimesTests.debug.xcconfig */,
				C044D562FE29410D704EF59C /* Pods-NYTimesTests.release.xcconfig */,
			);
			path = Pods;
			sourceTree = "<group>";
		};
		C076B7EFD0F811D65FEC0254 /* Frameworks */ = {
			isa = PBXGroup;
			children = (
				BE9D77E0353FC6171A749DF4 /* Pods_NYTimes.framework */,
				24343C29FD40DB205739D7EC /* Pods_NYTimes_NYTimesUITests.framework */,
				12F6FCAB06FCFA8EFBFF9888 /* Pods_NYTimesTests.framework */,
			);
			name = Frameworks;
			sourceTree = "<group>";
		};
/* End PBXGroup section */

/* Begin PBXNativeTarget section */
		469B325F25A8C39A00E6075B /* NYTimes */ = {
			isa = PBXNativeTarget;
			buildConfigurationList = 469B328A25A8C39C00E6075B /* Build configuration list for PBXNativeTarget "NYTimes" */;
			buildPhases = (
				AB5B04A197931DAB2856CE8D /* [CP] Check Pods Manifest.lock */,
				469B325C25A8C39A00E6075B /* Sources */,
				469B325D25A8C39A00E6075B /* Frameworks */,
				469B325E25A8C39A00E6075B /* Resources */,
				6A648EED964D924510C3F844 /* [CP] Embed Pods Frameworks */,
			);
			buildRules = (
			);
			dependencies = (
			);
			name = NYTimes;
			productName = NYTimes;
			productReference = 469B326025A8C39A00E6075B /* NYTimes.app */;
			productType = "com.apple.product-type.application";
		};
		469B327525A8C39C00E6075B /* NYTimesTests */ = {
			isa = PBXNativeTarget;
			buildConfigurationList = 469B328D25A8C39C00E6075B /* Build configuration list for PBXNativeTarget "NYTimesTests" */;
			buildPhases = (
				2A0A1D547D99761196D5475A /* [CP] Check Pods Manifest.lock */,
				469B327225A8C39C00E6075B /* Sources */,
				469B327325A8C39C00E6075B /* Frameworks */,
				469B327425A8C39C00E6075B /* Resources */,
			);
			buildRules = (
			);
			dependencies = (
				469B327825A8C39C00E6075B /* PBXTargetDependency */,
			);
			name = NYTimesTests;
			productName = NYTimesTests;
			productReference = 469B327625A8C39C00E6075B /* NYTimesTests.xctest */;
			productType = "com.apple.product-type.bundle.unit-test";
		};
		469B328025A8C39C00E6075B /* NYTimesUITests */ = {
			isa = PBXNativeTarget;
			buildConfigurationList = 469B329025A8C39C00E6075B /* Build configuration list for PBXNativeTarget "NYTimesUITests" */;
			buildPhases = (
				EC6A5E664F65803B1F43C5CF /* [CP] Check Pods Manifest.lock */,
				469B327D25A8C39C00E6075B /* Sources */,
				469B327E25A8C39C00E6075B /* Frameworks */,
				469B327F25A8C39C00E6075B /* Resources */,
				CC48B7A3EAE97DE72BBF8837 /* [CP] Embed Pods Frameworks */,
			);
			buildRules = (
			);
			dependencies = (
				469B328325A8C39C00E6075B /* PBXTargetDependency */,
			);
			name = NYTimesUITests;
			productName = NYTimesUITests;
			productReference = 469B328125A8C39C00E6075B /* NYTimesUITests.xctest */;
			productType = "com.apple.product-type.bundle.ui-testing";
		};
/* End PBXNativeTarget section */

/* Begin PBXProject section */
		469B325825A8C39A00E6075B /* Project object */ = {
			isa = PBXProject;
			attributes = {
				LastSwiftUpdateCheck = 1220;
				LastUpgradeCheck = 1220;
				TargetAttributes = {
					469B325F25A8C39A00E6075B = {
						CreatedOnToolsVersion = 12.2;
					};
					469B327525A8C39C00E6075B = {
						CreatedOnToolsVersion = 12.2;
						TestTargetID = 469B325F25A8C39A00E6075B;
					};
					469B328025A8C39C00E6075B = {
						CreatedOnToolsVersion = 12.2;
						TestTargetID = 469B325F25A8C39A00E6075B;
					};
				};
			};
			buildConfigurationList = 469B325B25A8C39A00E6075B /* Build configuration list for PBXProject "NYTimes" */;
			compatibilityVersion = "Xcode 9.3";
			developmentRegion = en;
			hasScannedForEncodings = 0;
			knownRegions = (
				en,
				Base,
			);
			mainGroup = 469B325725A8C39A00E6075B;
			productRefGroup = 469B326125A8C39A00E6075B /* Products */;
			projectDirPath = "";
			projectRoot = "";
			targets = (
				469B325F25A8C39A00E6075B /* NYTimes */,
				469B327525A8C39C00E6075B /* NYTimesTests */,
				469B328025A8C39C00E6075B /* NYTimesUITests */,
			);
		};
/* End PBXProject section */

/* Begin PBXResourcesBuildPhase section */
		469B325E25A8C39A00E6075B /* Resources */ = {
			isa = PBXResourcesBuildPhase;
			buildActionMask = 2147483647;
			files = (
				469B327025A8C39B00E6075B /* LaunchScreen.storyboard in Resources */,
				469B326D25A8C39B00E6075B /* Assets.xcassets in Resources */,
				469B326B25A8C39A00E6075B /* Main.storyboard in Resources */,
			);
			runOnlyForDeploymentPostprocessing = 0;
		};
		469B327425A8C39C00E6075B /* Resources */ = {
			isa = PBXResourcesBuildPhase;
			buildActionMask = 2147483647;
			files = (
			);
			runOnlyForDeploymentPostprocessing = 0;
		};
		469B327F25A8C39C00E6075B /* Resources */ = {
			isa = PBXResourcesBuildPhase;
			buildActionMask = 2147483647;
			files = (
			);
			runOnlyForDeploymentPostprocessing = 0;
		};
/* End PBXResourcesBuildPhase section */

/* Begin PBXShellScriptBuildPhase section */
		2A0A1D547D99761196D5475A /* [CP] Check Pods Manifest.lock */ = {
			isa = PBXShellScriptBuildPhase;
			buildActionMask = 2147483647;
			files = (
			);
			inputFileListPaths = (
			);
			inputPaths = (
				"${PODS_PODFILE_DIR_PATH}/Podfile.lock",
				"${PODS_ROOT}/Manifest.lock",
			);
			name = "[CP] Check Pods Manifest.lock";
			outputFileListPaths = (
			);
			outputPaths = (
				"$(DERIVED_FILE_DIR)/Pods-NYTimesTests-checkManifestLockResult.txt",
			);
			runOnlyForDeploymentPostprocessing = 0;
			shellPath = /bin/sh;
			shellScript = "diff \"${PODS_PODFILE_DIR_PATH}/Podfile.lock\" \"${PODS_ROOT}/Manifest.lock\" > /dev/null\nif [ $? != 0 ] ; then\n    # print error to STDERR\n    echo \"error: The sandbox is not in sync with the Podfile.lock. Run 'pod install' or update your CocoaPods installation.\" >&2\n    exit 1\nfi\n# This output is used by Xcode 'outputs' to avoid re-running this script phase.\necho \"SUCCESS\" > \"${SCRIPT_OUTPUT_FILE_0}\"\n";
			showEnvVarsInLog = 0;
		};
		6A648EED964D924510C3F844 /* [CP] Embed Pods Frameworks */ = {
			isa = PBXShellScriptBuildPhase;
			buildActionMask = 2147483647;
			files = (
			);
			inputFileListPaths = (
				"${PODS_ROOT}/Target Support Files/Pods-NYTimes/Pods-NYTimes-frameworks-${CONFIGURATION}-input-files.xcfilelist",
			);
			name = "[CP] Embed Pods Frameworks";
			outputFileListPaths = (
				"${PODS_ROOT}/Target Support Files/Pods-NYTimes/Pods-NYTimes-frameworks-${CONFIGURATION}-output-files.xcfilelist",
			);
			runOnlyForDeploymentPostprocessing = 0;
			shellPath = /bin/sh;
			shellScript = "\"${PODS_ROOT}/Target Support Files/Pods-NYTimes/Pods-NYTimes-frameworks.sh\"\n";
			showEnvVarsInLog = 0;
		};
		AB5B04A197931DAB2856CE8D /* [CP] Check Pods Manifest.lock */ = {
			isa = PBXShellScriptBuildPhase;
			buildActionMask = 2147483647;
			files = (
			);
			inputFileListPaths = (
			);
			inputPaths = (
				"${PODS_PODFILE_DIR_PATH}/Podfile.lock",
				"${PODS_ROOT}/Manifest.lock",
			);
			name = "[CP] Check Pods Manifest.lock";
			outputFileListPaths = (
			);
			outputPaths = (
				"$(DERIVED_FILE_DIR)/Pods-NYTimes-checkManifestLockResult.txt",
			);
			runOnlyForDeploymentPostprocessing = 0;
			shellPath = /bin/sh;
			shellScript = "diff \"${PODS_PODFILE_DIR_PATH}/Podfile.lock\" \"${PODS_ROOT}/Manifest.lock\" > /dev/null\nif [ $? != 0 ] ; then\n    # print error to STDERR\n    echo \"error: The sandbox is not in sync with the Podfile.lock. Run 'pod install' or update your CocoaPods installation.\" >&2\n    exit 1\nfi\n# This output is used by Xcode 'outputs' to avoid re-running this script phase.\necho \"SUCCESS\" > \"${SCRIPT_OUTPUT_FILE_0}\"\n";
			showEnvVarsInLog = 0;
		};
		CC48B7A3EAE97DE72BBF8837 /* [CP] Embed Pods Frameworks */ = {
			isa = PBXShellScriptBuildPhase;
			buildActionMask = 2147483647;
			files = (
			);
			inputFileListPaths = (
				"${PODS_ROOT}/Target Support Files/Pods-NYTimes-NYTimesUITests/Pods-NYTimes-NYTimesUITests-frameworks-${CONFIGURATION}-input-files.xcfilelist",
			);
			name = "[CP] Embed Pods Frameworks";
			outputFileListPaths = (
				"${PODS_ROOT}/Target Support Files/Pods-NYTimes-NYTimesUITests/Pods-NYTimes-NYTimesUITests-frameworks-${CONFIGURATION}-output-files.xcfilelist",
			);
			runOnlyForDeploymentPostprocessing = 0;
			shellPath = /bin/sh;
			shellScript = "\"${PODS_ROOT}/Target Support Files/Pods-NYTimes-NYTimesUITests/Pods-NYTimes-NYTimesUITests-frameworks.sh\"\n";
			showEnvVarsInLog = 0;
		};
		EC6A5E664F65803B1F43C5CF /* [CP] Check Pods Manifest.lock */ = {
			isa = PBXShellScriptBuildPhase;
			buildActionMask = 2147483647;
			files = (
			);
			inputFileListPaths = (
			);
			inputPaths = (
				"${PODS_PODFILE_DIR_PATH}/Podfile.lock",
				"${PODS_ROOT}/Manifest.lock",
			);
			name = "[CP] Check Pods Manifest.lock";
			outputFileListPaths = (
			);
			outputPaths = (
				"$(DERIVED_FILE_DIR)/Pods-NYTimes-NYTimesUITests-checkManifestLockResult.txt",
			);
			runOnlyForDeploymentPostprocessing = 0;
			shellPath = /bin/sh;
			shellScript = "diff \"${PODS_PODFILE_DIR_PATH}/Podfile.lock\" \"${PODS_ROOT}/Manifest.lock\" > /dev/null\nif [ $? != 0 ] ; then\n    # print error to STDERR\n    echo \"error: The sandbox is not in sync with the Podfile.lock. Run 'pod install' or update your CocoaPods installation.\" >&2\n    exit 1\nfi\n# This output is used by Xcode 'outputs' to avoid re-running this script phase.\necho \"SUCCESS\" > \"${SCRIPT_OUTPUT_FILE_0}\"\n";
			showEnvVarsInLog = 0;
		};
/* End PBXShellScriptBuildPhase section */

/* Begin PBXSourcesBuildPhase section */
		469B325C25A8C39A00E6075B /* Sources */ = {
			isa = PBXSourcesBuildPhase;
			buildActionMask = 2147483647;
			files = (
				46848E9B25A9463600FCCC21 /* Media.swift in Sources */,
				4606881025A9237A00FDBF37 /* ArticleMasterDetailsViewController.swift in Sources */,
				460DDDB225AA86E400B67DA6 /* NotificationName.swift in Sources */,
				460687EA25A920CE00FDBF37 /* ArticleDetailsRouter.swift in Sources */,
				46848E9025A9453E00FCCC21 /* Article.swift in Sources */,
				460DDD4925AA305600B67DA6 /* ArticleTableViewCell.swift in Sources */,
				469B326825A8C39A00E6075B /* ViewController.swift in Sources */,
				460DDDAD25AA863300B67DA6 /* AlertMessage.swift in Sources */,
				460DDDB725AA870200B67DA6 /* EmptyPlaceHolderView.swift in Sources */,
				460687EB25A920CE00FDBF37 /* ArticleDetailsViewController.swift in Sources */,
				460DDD3E25AA25D800B67DA6 /* ArticleCellViewModel.swift in Sources */,
				460687EC25A920CE00FDBF37 /* ArticleDetailsBuilder.swift in Sources */,
				460687ED25A920CE00FDBF37 /* ArticleDetailsViewModel.swift in Sources */,
				460DDDC225AA8CE300B67DA6 /* UITableView+EmptyPlaceHolder.swift in Sources */,
				469B326425A8C39A00E6075B /* AppDelegate.swift in Sources */,
				4606881225A9237A00FDBF37 /* ArticleMasterDetailsViewModel.swift in Sources */,
				4606880F25A9237A00FDBF37 /* ArticleMasterDetailsRouter.swift in Sources */,
				460687D425A91E8500FDBF37 /* ArticleListViewController.swift in Sources */,
				4606881125A9237A00FDBF37 /* ArticleMasterDetailsBuilder.swift in Sources */,
				46848E8425A93ED900FCCC21 /* Reachability.swift in Sources */,
				460DDD5725AA311000B67DA6 /* UITableView+ReusableCell.swift in Sources */,
				46848E9C25A9463600FCCC21 /* Results.swift in Sources */,
				469B326625A8C39A00E6075B /* SceneDelegate.swift in Sources */,
				460687D525A91E8500FDBF37 /* ArticleListBuilder.swift in Sources */,
				460687D325A91E8500FDBF37 /* ArticleListRouter.swift in Sources */,
				46F43DBB25A956CF006D9079 /* NYTimesNetworkManager.swift in Sources */,
				463E6D3B25A92A2500CCB19E /* API.swift in Sources */,
				460DDD4F25AA30DF00B67DA6 /* CellReusable.swift in Sources */,
				46848E9D25A9463600FCCC21 /* Metadata.swift in Sources */,
				460687D625A91E8500FDBF37 /* ArticleListViewModel.swift in Sources */,
				460DDDA825AA855300B67DA6 /* UIView+Indicator.swift in Sources */,
			);
			runOnlyForDeploymentPostprocessing = 0;
		};
		469B327225A8C39C00E6075B /* Sources */ = {
			isa = PBXSourcesBuildPhase;
			buildActionMask = 2147483647;
			files = (
				469B327B25A8C39C00E6075B /* NYTimesTests.swift in Sources */,
			);
			runOnlyForDeploymentPostprocessing = 0;
		};
		469B327D25A8C39C00E6075B /* Sources */ = {
			isa = PBXSourcesBuildPhase;
			buildActionMask = 2147483647;
			files = (
				469B328625A8C39C00E6075B /* NYTimesUITests.swift in Sources */,
			);
			runOnlyForDeploymentPostprocessing = 0;
		};
/* End PBXSourcesBuildPhase section */

/* Begin PBXTargetDependency section */
		469B327825A8C39C00E6075B /* PBXTargetDependency */ = {
			isa = PBXTargetDependency;
			target = 469B325F25A8C39A00E6075B /* NYTimes */;
			targetProxy = 469B327725A8C39C00E6075B /* PBXContainerItemProxy */;
		};
		469B328325A8C39C00E6075B /* PBXTargetDependency */ = {
			isa = PBXTargetDependency;
			target = 469B325F25A8C39A00E6075B /* NYTimes */;
			targetProxy = 469B328225A8C39C00E6075B /* PBXContainerItemProxy */;
		};
/* End PBXTargetDependency section */

/* Begin PBXVariantGroup section */
		469B326925A8C39A00E6075B /* Main.storyboard */ = {
			isa = PBXVariantGroup;
			children = (
				469B326A25A8C39A00E6075B /* Base */,
			);
			name = Main.storyboard;
			sourceTree = "<group>";
		};
		469B326E25A8C39B00E6075B /* LaunchScreen.storyboard */ = {
			isa = PBXVariantGroup;
			children = (
				469B326F25A8C39B00E6075B /* Base */,
			);
			name = LaunchScreen.storyboard;
			sourceTree = "<group>";
		};
/* End PBXVariantGroup section */

/* Begin XCBuildConfiguration section */
		469B328825A8C39C00E6075B /* Debug */ = {
			isa = XCBuildConfiguration;
			buildSettings = {
				ALWAYS_SEARCH_USER_PATHS = NO;
				CLANG_ANALYZER_NONNULL = YES;
				CLANG_ANALYZER_NUMBER_OBJECT_CONVERSION = YES_AGGRESSIVE;
				CLANG_CXX_LANGUAGE_STANDARD = "gnu++14";
				CLANG_CXX_LIBRARY = "libc++";
				CLANG_ENABLE_MODULES = YES;
				CLANG_ENABLE_OBJC_ARC = YES;
				CLANG_ENABLE_OBJC_WEAK = YES;
				CLANG_WARN_BLOCK_CAPTURE_AUTORELEASING = YES;
				CLANG_WARN_BOOL_CONVERSION = YES;
				CLANG_WARN_COMMA = YES;
				CLANG_WARN_CONSTANT_CONVERSION = YES;
				CLANG_WARN_DEPRECATED_OBJC_IMPLEMENTATIONS = YES;
				CLANG_WARN_DIRECT_OBJC_ISA_USAGE = YES_ERROR;
				CLANG_WARN_DOCUMENTATION_COMMENTS = YES;
				CLANG_WARN_EMPTY_BODY = YES;
				CLANG_WARN_ENUM_CONVERSION = YES;
				CLANG_WARN_INFINITE_RECURSION = YES;
				CLANG_WARN_INT_CONVERSION = YES;
				CLANG_WARN_NON_LITERAL_NULL_CONVERSION = YES;
				CLANG_WARN_OBJC_IMPLICIT_RETAIN_SELF = YES;
				CLANG_WARN_OBJC_LITERAL_CONVERSION = YES;
				CLANG_WARN_OBJC_ROOT_CLASS = YES_ERROR;
				CLANG_WARN_QUOTED_INCLUDE_IN_FRAMEWORK_HEADER = YES;
				CLANG_WARN_RANGE_LOOP_ANALYSIS = YES;
				CLANG_WARN_STRICT_PROTOTYPES = YES;
				CLANG_WARN_SUSPICIOUS_MOVE = YES;
				CLANG_WARN_UNGUARDED_AVAILABILITY = YES_AGGRESSIVE;
				CLANG_WARN_UNREACHABLE_CODE = YES;
				CLANG_WARN__DUPLICATE_METHOD_MATCH = YES;
				COPY_PHASE_STRIP = NO;
				DEBUG_INFORMATION_FORMAT = dwarf;
				ENABLE_STRICT_OBJC_MSGSEND = YES;
				ENABLE_TESTABILITY = YES;
				GCC_C_LANGUAGE_STANDARD = gnu11;
				GCC_DYNAMIC_NO_PIC = NO;
				GCC_NO_COMMON_BLOCKS = YES;
				GCC_OPTIMIZATION_LEVEL = 0;
				GCC_PREPROCESSOR_DEFINITIONS = (
					"DEBUG=1",
					"$(inherited)",
				);
				GCC_WARN_64_TO_32_BIT_CONVERSION = YES;
				GCC_WARN_ABOUT_RETURN_TYPE = YES_ERROR;
				GCC_WARN_UNDECLARED_SELECTOR = YES;
				GCC_WARN_UNINITIALIZED_AUTOS = YES_AGGRESSIVE;
				GCC_WARN_UNUSED_FUNCTION = YES;
				GCC_WARN_UNUSED_VARIABLE = YES;
				IPHONEOS_DEPLOYMENT_TARGET = 14.2;
				MTL_ENABLE_DEBUG_INFO = INCLUDE_SOURCE;
				MTL_FAST_MATH = YES;
				ONLY_ACTIVE_ARCH = YES;
				SDKROOT = iphoneos;
				SWIFT_ACTIVE_COMPILATION_CONDITIONS = DEBUG;
				SWIFT_OPTIMIZATION_LEVEL = "-Onone";
			};
			name = Debug;
		};
		469B328925A8C39C00E6075B /* Release */ = {
			isa = XCBuildConfiguration;
			buildSettings = {
				ALWAYS_SEARCH_USER_PATHS = NO;
				CLANG_ANALYZER_NONNULL = YES;
				CLANG_ANALYZER_NUMBER_OBJECT_CONVERSION = YES_AGGRESSIVE;
				CLANG_CXX_LANGUAGE_STANDARD = "gnu++14";
				CLANG_CXX_LIBRARY = "libc++";
				CLANG_ENABLE_MODULES = YES;
				CLANG_ENABLE_OBJC_ARC = YES;
				CLANG_ENABLE_OBJC_WEAK = YES;
				CLANG_WARN_BLOCK_CAPTURE_AUTORELEASING = YES;
				CLANG_WARN_BOOL_CONVERSION = YES;
				CLANG_WARN_COMMA = YES;
				CLANG_WARN_CONSTANT_CONVERSION = YES;
				CLANG_WARN_DEPRECATED_OBJC_IMPLEMENTATIONS = YES;
				CLANG_WARN_DIRECT_OBJC_ISA_USAGE = YES_ERROR;
				CLANG_WARN_DOCUMENTATION_COMMENTS = YES;
				CLANG_WARN_EMPTY_BODY = YES;
				CLANG_WARN_ENUM_CONVERSION = YES;
				CLANG_WARN_INFINITE_RECURSION = YES;
				CLANG_WARN_INT_CONVERSION = YES;
				CLANG_WARN_NON_LITERAL_NULL_CONVERSION = YES;
				CLANG_WARN_OBJC_IMPLICIT_RETAIN_SELF = YES;
				CLANG_WARN_OBJC_LITERAL_CONVERSION = YES;
				CLANG_WARN_OBJC_ROOT_CLASS = YES_ERROR;
				CLANG_WARN_QUOTED_INCLUDE_IN_FRAMEWORK_HEADER = YES;
				CLANG_WARN_RANGE_LOOP_ANALYSIS = YES;
				CLANG_WARN_STRICT_PROTOTYPES = YES;
				CLANG_WARN_SUSPICIOUS_MOVE = YES;
				CLANG_WARN_UNGUARDED_AVAILABILITY = YES_AGGRESSIVE;
				CLANG_WARN_UNREACHABLE_CODE = YES;
				CLANG_WARN__DUPLICATE_METHOD_MATCH = YES;
				COPY_PHASE_STRIP = NO;
				DEBUG_INFORMATION_FORMAT = "dwarf-with-dsym";
				ENABLE_NS_ASSERTIONS = NO;
				ENABLE_STRICT_OBJC_MSGSEND = YES;
				GCC_C_LANGUAGE_STANDARD = gnu11;
				GCC_NO_COMMON_BLOCKS = YES;
				GCC_WARN_64_TO_32_BIT_CONVERSION = YES;
				GCC_WARN_ABOUT_RETURN_TYPE = YES_ERROR;
				GCC_WARN_UNDECLARED_SELECTOR = YES;
				GCC_WARN_UNINITIALIZED_AUTOS = YES_AGGRESSIVE;
				GCC_WARN_UNUSED_FUNCTION = YES;
				GCC_WARN_UNUSED_VARIABLE = YES;
				IPHONEOS_DEPLOYMENT_TARGET = 14.2;
				MTL_ENABLE_DEBUG_INFO = NO;
				MTL_FAST_MATH = YES;
				SDKROOT = iphoneos;
				SWIFT_COMPILATION_MODE = wholemodule;
				SWIFT_OPTIMIZATION_LEVEL = "-O";
				VALIDATE_PRODUCT = YES;
			};
			name = Release;
		};
		469B328B25A8C39C00E6075B /* Debug */ = {
			isa = XCBuildConfiguration;
			baseConfigurationReference = 6763A8965A0B9BB2E6C016D3 /* Pods-NYTimes.debug.xcconfig */;
			buildSettings = {
				ASSETCATALOG_COMPILER_APPICON_NAME = AppIcon;
				ASSETCATALOG_COMPILER_GLOBAL_ACCENT_COLOR_NAME = AccentColor;
				CODE_SIGN_STYLE = Automatic;
				DEVELOPMENT_TEAM = 5YA4F6ZP59;
				INFOPLIST_FILE = NYTimes/Info.plist;
				LD_RUNPATH_SEARCH_PATHS = (
					"$(inherited)",
					"@executable_path/Frameworks",
				);
				PRODUCT_BUNDLE_IDENTIFIER = kelany.NYTimes;
				PRODUCT_NAME = "$(TARGET_NAME)";
				SWIFT_VERSION = 5.0;
				TARGETED_DEVICE_FAMILY = "1,2";
			};
			name = Debug;
		};
		469B328C25A8C39C00E6075B /* Release */ = {
			isa = XCBuildConfiguration;
			baseConfigurationReference = 6038758A66F3593B36BA7730 /* Pods-NYTimes.release.xcconfig */;
			buildSettings = {
				ASSETCATALOG_COMPILER_APPICON_NAME = AppIcon;
				ASSETCATALOG_COMPILER_GLOBAL_ACCENT_COLOR_NAME = AccentColor;
				CODE_SIGN_STYLE = Automatic;
				DEVELOPMENT_TEAM = 5YA4F6ZP59;
				INFOPLIST_FILE = NYTimes/Info.plist;
				LD_RUNPATH_SEARCH_PATHS = (
					"$(inherited)",
					"@executable_path/Frameworks",
				);
				PRODUCT_BUNDLE_IDENTIFIER = kelany.NYTimes;
				PRODUCT_NAME = "$(TARGET_NAME)";
				SWIFT_VERSION = 5.0;
				TARGETED_DEVICE_FAMILY = "1,2";
			};
			name = Release;
		};
		469B328E25A8C39C00E6075B /* Debug */ = {
			isa = XCBuildConfiguration;
			baseConfigurationReference = 96980B4CC5C27D91DBBF7FDB /* Pods-NYTimesTests.debug.xcconfig */;
			buildSettings = {
				ALWAYS_EMBED_SWIFT_STANDARD_LIBRARIES = YES;
				BUNDLE_LOADER = "$(TEST_HOST)";
				CODE_SIGN_STYLE = Automatic;
				DEVELOPMENT_TEAM = 5YA4F6ZP59;
				INFOPLIST_FILE = NYTimesTests/Info.plist;
				IPHONEOS_DEPLOYMENT_TARGET = 14.2;
				LD_RUNPATH_SEARCH_PATHS = (
					"$(inherited)",
					"@executable_path/Frameworks",
					"@loader_path/Frameworks",
				);
				PRODUCT_BUNDLE_IDENTIFIER = kelany.NYTimesTests;
				PRODUCT_NAME = "$(TARGET_NAME)";
				SWIFT_VERSION = 5.0;
				TARGETED_DEVICE_FAMILY = "1,2";
				TEST_HOST = "$(BUILT_PRODUCTS_DIR)/NYTimes.app/NYTimes";
			};
			name = Debug;
		};
		469B328F25A8C39C00E6075B /* Release */ = {
			isa = XCBuildConfiguration;
			baseConfigurationReference = C044D562FE29410D704EF59C /* Pods-NYTimesTests.release.xcconfig */;
			buildSettings = {
				ALWAYS_EMBED_SWIFT_STANDARD_LIBRARIES = YES;
				BUNDLE_LOADER = "$(TEST_HOST)";
				CODE_SIGN_STYLE = Automatic;
				DEVELOPMENT_TEAM = 5YA4F6ZP59;
				INFOPLIST_FILE = NYTimesTests/Info.plist;
				IPHONEOS_DEPLOYMENT_TARGET = 14.2;
				LD_RUNPATH_SEARCH_PATHS = (
					"$(inherited)",
					"@executable_path/Frameworks",
					"@loader_path/Frameworks",
				);
				PRODUCT_BUNDLE_IDENTIFIER = kelany.NYTimesTests;
				PRODUCT_NAME = "$(TARGET_NAME)";
				SWIFT_VERSION = 5.0;
				TARGETED_DEVICE_FAMILY = "1,2";
				TEST_HOST = "$(BUILT_PRODUCTS_DIR)/NYTimes.app/NYTimes";
			};
			name = Release;
		};
		469B329125A8C39C00E6075B /* Debug */ = {
			isa = XCBuildConfiguration;
			baseConfigurationReference = DE0B6CBC27D60077730D165E /* Pods-NYTimes-NYTimesUITests.debug.xcconfig */;
			buildSettings = {
				ALWAYS_EMBED_SWIFT_STANDARD_LIBRARIES = YES;
				CODE_SIGN_STYLE = Automatic;
				DEVELOPMENT_TEAM = 5YA4F6ZP59;
				INFOPLIST_FILE = NYTimesUITests/Info.plist;
				LD_RUNPATH_SEARCH_PATHS = (
					"$(inherited)",
					"@executable_path/Frameworks",
					"@loader_path/Frameworks",
				);
				PRODUCT_BUNDLE_IDENTIFIER = kelany.NYTimesUITests;
				PRODUCT_NAME = "$(TARGET_NAME)";
				SWIFT_VERSION = 5.0;
				TARGETED_DEVICE_FAMILY = "1,2";
				TEST_TARGET_NAME = NYTimes;
			};
			name = Debug;
		};
		469B329225A8C39C00E6075B /* Release */ = {
			isa = XCBuildConfiguration;
			baseConfigurationReference = 176475AE3721C48DF5D84C67 /* Pods-NYTimes-NYTimesUITests.release.xcconfig */;
			buildSettings = {
				ALWAYS_EMBED_SWIFT_STANDARD_LIBRARIES = YES;
				CODE_SIGN_STYLE = Automatic;
				DEVELOPMENT_TEAM = 5YA4F6ZP59;
				INFOPLIST_FILE = NYTimesUITests/Info.plist;
				LD_RUNPATH_SEARCH_PATHS = (
					"$(inherited)",
					"@executable_path/Frameworks",
					"@loader_path/Frameworks",
				);
				PRODUCT_BUNDLE_IDENTIFIER = kelany.NYTimesUITests;
				PRODUCT_NAME = "$(TARGET_NAME)";
				SWIFT_VERSION = 5.0;
				TARGETED_DEVICE_FAMILY = "1,2";
				TEST_TARGET_NAME = NYTimes;
			};
			name = Release;
		};
/* End XCBuildConfiguration section */

/* Begin XCConfigurationList section */
		469B325B25A8C39A00E6075B /* Build configuration list for PBXProject "NYTimes" */ = {
			isa = XCConfigurationList;
			buildConfigurations = (
				469B328825A8C39C00E6075B /* Debug */,
				469B328925A8C39C00E6075B /* Release */,
			);
			defaultConfigurationIsVisible = 0;
			defaultConfigurationName = Release;
		};
		469B328A25A8C39C00E6075B /* Build configuration list for PBXNativeTarget "NYTimes" */ = {
			isa = XCConfigurationList;
			buildConfigurations = (
				469B328B25A8C39C00E6075B /* Debug */,
				469B328C25A8C39C00E6075B /* Release */,
			);
			defaultConfigurationIsVisible = 0;
			defaultConfigurationName = Release;
		};
		469B328D25A8C39C00E6075B /* Build configuration list for PBXNativeTarget "NYTimesTests" */ = {
			isa = XCConfigurationList;
			buildConfigurations = (
				469B328E25A8C39C00E6075B /* Debug */,
				469B328F25A8C39C00E6075B /* Release */,
			);
			defaultConfigurationIsVisible = 0;
			defaultConfigurationName = Release;
		};
		469B329025A8C39C00E6075B /* Build configuration list for PBXNativeTarget "NYTimesUITests" */ = {
			isa = XCConfigurationList;
			buildConfigurations = (
				469B329125A8C39C00E6075B /* Debug */,
				469B329225A8C39C00E6075B /* Release */,
			);
			defaultConfigurationIsVisible = 0;
			defaultConfigurationName = Release;
		};
/* End XCConfigurationList section */
	};
	rootObject = 469B325825A8C39A00E6075B /* Project object */;
}
